
Microsoft Visual Studio Solution File, Format Version 12.00
# Visual Studio Version 16
VisualStudioVersion = 16.0.29424.173
MinimumVisualStudioVersion = 10.0.40219.1
Project("{2150E333-8FDC-42A3-9474-1A3956D46DE8}") = "Solution Items", "Solution Items", "{5562F4BB-1844-4FEF-A12E-20027B3A8E4E}"
EndProject
Project("{9A19103F-16F7-4668-BE54-9A1E7A4F7556}") = "SpecFlowUiTests", "SpecFlowUiTests\SpecFlowUiTests.csproj", "{182BB384-4122-4EAC-BC13-930CDFD76B42}"
EndProject
Global
	GlobalSection(SolutionConfigurationPlatforms) = preSolution
		Debug|Any CPU = Debug|Any CPU
		Release|Any CPU = Release|Any CPU
	EndGlobalSection
	GlobalSection(ProjectConfigurationPlatforms) = postSolution
		{182BB384-4122-4EAC-BC13-930CDFD76B42}.Debug|Any CPU.ActiveCfg = Debug|Any CPU
		{182BB384-4122-4EAC-BC13-930CDFD76B42}.Debug|Any CPU.Build.0 = Debug|Any CPU
		{182BB384-4122-4EAC-BC13-930CDFD76B42}.Release|Any CPU.ActiveCfg = Release|Any CPU
		{182BB384-4122-4EAC-BC13-930CDFD76B42}.Release|Any CPU.Build.0 = Release|Any CPU
	EndGlobalSection
	GlobalSection(SolutionProperties) = preSolution
		HideSolutionNode = FALSE
	EndGlobalSection
	GlobalSection(ExtensibilityGlobals) = postSolution
		SolutionGuid = {5E100F6F-ACE8-4CC3-99DC-492D05829678}
	EndGlobalSection
EndGlobal
